
Microsoft Visual Studio Solution File, Format Version 12.00
# Visual Studio Version 16
VisualStudioVersion = 16.0.33927.289
MinimumVisualStudioVersion = 10.0.40219.1
Project("{FAE04EC0-301F-11D3-BF4B-00C04F79EFBC}") = "NHibernateMSAccessAppTemplate", "NHibernateMSAccessAppTemplate\NHibernateMSAccessAppTemplate.csproj", "{A8EEB6D6-A136-4061-B4FB-5B919A999142}"
EndProject
Global
	GlobalSection(SolutionConfigurationPlatforms) = preSolution
		Debug|Any CPU = Debug|Any CPU
		Release|Any CPU = Release|Any CPU
	EndGlobalSection
	GlobalSection(ProjectConfigurationPlatforms) = postSolution
		{A8EEB6D6-A136-4061-B4FB-5B919A999142}.Debug|Any CPU.ActiveCfg = Debug|Any CPU
		{A8EEB6D6-A136-4061-B4FB-5B919A999142}.Debug|Any CPU.Build.0 = Debug|Any CPU
		{A8EEB6D6-A136-4061-B4FB-5B919A999142}.Release|Any CPU.ActiveCfg = Release|Any CPU
		{A8EEB6D6-A136-4061-B4FB-5B919A999142}.Release|Any CPU.Build.0 = Release|Any CPU
	EndGlobalSection
	GlobalSection(SolutionProperties) = preSolution
		HideSolutionNode = FALSE
	EndGlobalSection
	GlobalSection(ExtensibilityGlobals) = postSolution
		SolutionGuid = {7FBBA224-AAC6-456E-B81D-16759F30A06E}
	EndGlobalSection
EndGlobal
